
Microsoft Visual Studio Solution File, Format Version 12.00
# Visual Studio 14
VisualStudioVersion = 14.0.25420.1
MinimumVisualStudioVersion = 10.0.40219.1
Project("{FAE04EC0-301F-11D3-BF4B-00C04F79EFBC}") = "TPService", "TPService\TPService.csproj", "{00CAD572-DBA6-402E-AC63-D29B7F6D5934}"
EndProject
Project("{54435603-DBB4-11D2-8724-00A0C9A8B90C}") = "Installer", "Installer\Installer.vdproj", "{325F60E3-AC9B-4052-8919-FF8A61E143B6}"
EndProject
Global
	GlobalSection(SolutionConfigurationPlatforms) = preSolution
		Debug|Any CPU = Debug|Any CPU
		Release|Any CPU = Release|Any CPU
	EndGlobalSection
	GlobalSection(ProjectConfigurationPlatforms) = postSolution
		{00CAD572-DBA6-402E-AC63-D29B7F6D5934}.Debug|Any CPU.ActiveCfg = Debug|Any CPU
		{00CAD572-DBA6-402E-AC63-D29B7F6D5934}.Debug|Any CPU.Build.0 = Debug|Any CPU
		{00CAD572-DBA6-402E-AC63-D29B7F6D5934}.Release|Any CPU.ActiveCfg = Release|Any CPU
		{00CAD572-DBA6-402E-AC63-D29B7F6D5934}.Release|Any CPU.Build.0 = Release|Any CPU
		{325F60E3-AC9B-4052-8919-FF8A61E143B6}.Debug|Any CPU.ActiveCfg = Debug
		{325F60E3-AC9B-4052-8919-FF8A61E143B6}.Release|Any CPU.ActiveCfg = Release
	EndGlobalSection
	GlobalSection(SolutionProperties) = preSolution
		HideSolutionNode = FALSE
	EndGlobalSection
EndGlobal
